
Microsoft Visual Studio Solution File, Format Version 12.00
# Visual Studio 2012
Project("{FAE04EC0-301F-11D3-BF4B-00C04F79EFBC}") = "MSSPVirusScanner", "MSSPVirusScanner\MSSPVirusScanner.csproj", "{26BD20A5-DD82-49C2-AFE2-9C9212128A38}"
EndProject
Project("{FAE04EC0-301F-11D3-BF4B-00C04F79EFBC}") = "MSSPVirusSignatureDatabase", "MSSPVirusSignatureDatabase\MSSPVirusSignatureDatabase.csproj", "{6B8CC002-E500-4165-8DCD-0AE00B2FD247}"
EndProject
Project("{FAE04EC0-301F-11D3-BF4B-00C04F79EFBC}") = "MSSPMonitorInject", "FileMonInject\MSSPMonitorInject.csproj", "{568D29A7-15B6-4090-A4FC-C1A93B64AB9F}"
EndProject
Project("{2150E333-8FDC-42A3-9474-1A3956D46DE8}") = "Dependencies", "Dependencies", "{D38B71C4-CC0C-4E99-9FE0-03DC7C616A52}"
	ProjectSection(SolutionItems) = preProject
		Dependencies\EasyHook.dll = Dependencies\EasyHook.dll
		Dependencies\EasyHook64.dll = Dependencies\EasyHook64.dll
		Dependencies\EasyHook64.lib = Dependencies\EasyHook64.lib
		Dependencies\EasyHook64Svc.exe = Dependencies\EasyHook64Svc.exe
	EndProjectSection
EndProject
Project("{FAE04EC0-301F-11D3-BF4B-00C04F79EFBC}") = "MSSPMaliciousProgram", "MaliciousProgram\MSSPMaliciousProgram.csproj", "{51900A05-4E76-44BA-8519-B335E3CA7F8E}"
EndProject
Project("{FAE04EC0-301F-11D3-BF4B-00C04F79EFBC}") = "MSSPVirusScannerTest", "MSSPVirusScannerTest\MSSPVirusScannerTest.csproj", "{4C810635-16E2-4BFE-B6BB-D843F02CD762}"
EndProject
Global
	GlobalSection(SubversionScc) = preSolution
		Svn-Managed = True
		Manager = AnkhSVN - Subversion Support for Visual Studio
	EndGlobalSection
	GlobalSection(SolutionConfigurationPlatforms) = preSolution
		Debug|Any CPU = Debug|Any CPU
		Release|Any CPU = Release|Any CPU
	EndGlobalSection
	GlobalSection(ProjectConfigurationPlatforms) = postSolution
		{26BD20A5-DD82-49C2-AFE2-9C9212128A38}.Debug|Any CPU.ActiveCfg = Debug|Any CPU
		{26BD20A5-DD82-49C2-AFE2-9C9212128A38}.Debug|Any CPU.Build.0 = Debug|Any CPU
		{26BD20A5-DD82-49C2-AFE2-9C9212128A38}.Release|Any CPU.ActiveCfg = Release|Any CPU
		{26BD20A5-DD82-49C2-AFE2-9C9212128A38}.Release|Any CPU.Build.0 = Release|Any CPU
		{6B8CC002-E500-4165-8DCD-0AE00B2FD247}.Debug|Any CPU.ActiveCfg = Debug|Any CPU
		{6B8CC002-E500-4165-8DCD-0AE00B2FD247}.Debug|Any CPU.Build.0 = Debug|Any CPU
		{6B8CC002-E500-4165-8DCD-0AE00B2FD247}.Release|Any CPU.ActiveCfg = Release|Any CPU
		{6B8CC002-E500-4165-8DCD-0AE00B2FD247}.Release|Any CPU.Build.0 = Release|Any CPU
		{568D29A7-15B6-4090-A4FC-C1A93B64AB9F}.Debug|Any CPU.ActiveCfg = Debug|Any CPU
		{568D29A7-15B6-4090-A4FC-C1A93B64AB9F}.Debug|Any CPU.Build.0 = Debug|Any CPU
		{568D29A7-15B6-4090-A4FC-C1A93B64AB9F}.Release|Any CPU.ActiveCfg = Release|Any CPU
		{568D29A7-15B6-4090-A4FC-C1A93B64AB9F}.Release|Any CPU.Build.0 = Release|Any CPU
		{51900A05-4E76-44BA-8519-B335E3CA7F8E}.Debug|Any CPU.ActiveCfg = Debug|Any CPU
		{51900A05-4E76-44BA-8519-B335E3CA7F8E}.Debug|Any CPU.Build.0 = Debug|Any CPU
		{51900A05-4E76-44BA-8519-B335E3CA7F8E}.Release|Any CPU.ActiveCfg = Release|Any CPU
		{51900A05-4E76-44BA-8519-B335E3CA7F8E}.Release|Any CPU.Build.0 = Release|Any CPU
		{4C810635-16E2-4BFE-B6BB-D843F02CD762}.Debug|Any CPU.ActiveCfg = Debug|Any CPU
		{4C810635-16E2-4BFE-B6BB-D843F02CD762}.Debug|Any CPU.Build.0 = Debug|Any CPU
		{4C810635-16E2-4BFE-B6BB-D843F02CD762}.Release|Any CPU.ActiveCfg = Release|Any CPU
		{4C810635-16E2-4BFE-B6BB-D843F02CD762}.Release|Any CPU.Build.0 = Release|Any CPU
	EndGlobalSection
	GlobalSection(SolutionProperties) = preSolution
		HideSolutionNode = FALSE
	EndGlobalSection
EndGlobal
