
Microsoft Visual Studio Solution File, Format Version 12.00
# Visual Studio 2012
Project("{FAE04EC0-301F-11D3-BF4B-00C04F79EFBC}") = "Engine", "MSSPAssignment\Engine.csproj", "{486BB51C-18CC-43FA-82CF-E1A2B042093C}"
EndProject
Project("{FAE04EC0-301F-11D3-BF4B-00C04F79EFBC}") = "MSSPVirusScanner", "MSSPVirusScanner\MSSPVirusScanner.csproj", "{26BD20A5-DD82-49C2-AFE2-9C9212128A38}"
EndProject
Project("{FAE04EC0-301F-11D3-BF4B-00C04F79EFBC}") = "MSSPVirusSignatureDatabase", "MSSPVirusSignatureDatabase\MSSPVirusSignatureDatabase.csproj", "{6B8CC002-E500-4165-8DCD-0AE00B2FD247}"
EndProject
Project("{FAE04EC0-301F-11D3-BF4B-00C04F79EFBC}") = "FileMon", "TestBehaviourAnalyser\FileMon.csproj", "{D456E609-3705-45D4-83BA-50A3C37E6AA6}"
EndProject
Project("{FAE04EC0-301F-11D3-BF4B-00C04F79EFBC}") = "FileMonInject", "FileMonInject\FileMonInject.csproj", "{568D29A7-15B6-4090-A4FC-C1A93B64AB9F}"
EndProject
Global
	GlobalSection(SubversionScc) = preSolution
		Svn-Managed = True
		Manager = AnkhSVN - Subversion Support for Visual Studio
	EndGlobalSection
	GlobalSection(SolutionConfigurationPlatforms) = preSolution
		Debug|Any CPU = Debug|Any CPU
		Release|Any CPU = Release|Any CPU
	EndGlobalSection
	GlobalSection(ProjectConfigurationPlatforms) = postSolution
		{486BB51C-18CC-43FA-82CF-E1A2B042093C}.Debug|Any CPU.ActiveCfg = Debug|Any CPU
		{486BB51C-18CC-43FA-82CF-E1A2B042093C}.Debug|Any CPU.Build.0 = Debug|Any CPU
		{486BB51C-18CC-43FA-82CF-E1A2B042093C}.Release|Any CPU.ActiveCfg = Release|Any CPU
		{486BB51C-18CC-43FA-82CF-E1A2B042093C}.Release|Any CPU.Build.0 = Release|Any CPU
		{26BD20A5-DD82-49C2-AFE2-9C9212128A38}.Debug|Any CPU.ActiveCfg = Debug|Any CPU
		{26BD20A5-DD82-49C2-AFE2-9C9212128A38}.Debug|Any CPU.Build.0 = Debug|Any CPU
		{26BD20A5-DD82-49C2-AFE2-9C9212128A38}.Release|Any CPU.ActiveCfg = Release|Any CPU
		{26BD20A5-DD82-49C2-AFE2-9C9212128A38}.Release|Any CPU.Build.0 = Release|Any CPU
		{6B8CC002-E500-4165-8DCD-0AE00B2FD247}.Debug|Any CPU.ActiveCfg = Debug|Any CPU
		{6B8CC002-E500-4165-8DCD-0AE00B2FD247}.Debug|Any CPU.Build.0 = Debug|Any CPU
		{6B8CC002-E500-4165-8DCD-0AE00B2FD247}.Release|Any CPU.ActiveCfg = Release|Any CPU
		{6B8CC002-E500-4165-8DCD-0AE00B2FD247}.Release|Any CPU.Build.0 = Release|Any CPU
		{D456E609-3705-45D4-83BA-50A3C37E6AA6}.Debug|Any CPU.ActiveCfg = Debug|Any CPU
		{D456E609-3705-45D4-83BA-50A3C37E6AA6}.Debug|Any CPU.Build.0 = Debug|Any CPU
		{D456E609-3705-45D4-83BA-50A3C37E6AA6}.Release|Any CPU.ActiveCfg = Release|Any CPU
		{D456E609-3705-45D4-83BA-50A3C37E6AA6}.Release|Any CPU.Build.0 = Release|Any CPU
		{568D29A7-15B6-4090-A4FC-C1A93B64AB9F}.Debug|Any CPU.ActiveCfg = Debug|Any CPU
		{568D29A7-15B6-4090-A4FC-C1A93B64AB9F}.Debug|Any CPU.Build.0 = Debug|Any CPU
		{568D29A7-15B6-4090-A4FC-C1A93B64AB9F}.Release|Any CPU.ActiveCfg = Release|Any CPU
		{568D29A7-15B6-4090-A4FC-C1A93B64AB9F}.Release|Any CPU.Build.0 = Release|Any CPU
	EndGlobalSection
	GlobalSection(SolutionProperties) = preSolution
		HideSolutionNode = FALSE
	EndGlobalSection
EndGlobal
